# THIS IS AN AUTOGENERATED FILE. DO NOT EDIT THIS FILE DIRECTLY.
# yarn lockfile v1


prettier-plugin-go-template@^0.0.12:
  version "0.0.12"
  resolved "https://registry.yarnpkg.com/prettier-plugin-go-template/-/prettier-plugin-go-template-0.0.12.tgz#7b75f68982b9fd7021581e118603ca455a670292"
  integrity sha512-3LGFSjUTwirXa56dY7ZbNETM5nMUc5TKPYyo7cJx/8mdMnWUCMKTVzBQ3K7xUk2+D4g8CLADQ3Nc1HZ5SNWeag==
  dependencies:
    ulid "^2.3.0"

prettier@^2.6.2:
  version "2.6.2"
  resolved "https://registry.yarnpkg.com/prettier/-/prettier-2.6.2.tgz#e26d71a18a74c3d0f0597f55f01fb6c06c206032"
  integrity sha512-PkUpF+qoXTqhOeWL9fu7As8LXsIUZ1WYaJiY/a7McAQzxjk82OF0tibkFXVCDImZtWxbvojFjerkiLb0/q8mew==

ulid@^2.3.0:
  version "2.3.0"
  resolved "https://registry.yarnpkg.com/ulid/-/ulid-2.3.0.tgz#93063522771a9774121a84d126ecd3eb9804071f"
  integrity sha512-keqHubrlpvT6G2wH0OEfSW4mquYRcbe/J8NMmveoQOjUqmo+hXtO+ORCpWhdbZ7k72UtY61BL7haGxW6enBnjw==
